
Microsoft Visual Studio Solution File, Format Version 12.00
# Visual Studio Version 17
VisualStudioVersion = 17.4.33213.308
MinimumVisualStudioVersion = 10.0.40219.1
Project("{FAE04EC0-301F-11D3-BF4B-00C04F79EFBC}") = "VinderenApi", "VinderenApi.csproj", "{02FBADC9-1127-4AEB-B985-5181C78B65FF}"
EndProject
Global
	GlobalSection(SolutionConfigurationPlatforms) = preSolution
		Debug|Any CPU = Debug|Any CPU
		Release|Any CPU = Release|Any CPU
	EndGlobalSection
	GlobalSection(ProjectConfigurationPlatforms) = postSolution
		{02FBADC9-1127-4AEB-B985-5181C78B65FF}.Debug|Any CPU.ActiveCfg = Debug|Any CPU
		{02FBADC9-1127-4AEB-B985-5181C78B65FF}.Debug|Any CPU.Build.0 = Debug|Any CPU
		{02FBADC9-1127-4AEB-B985-5181C78B65FF}.Release|Any CPU.ActiveCfg = Release|Any CPU
		{02FBADC9-1127-4AEB-B985-5181C78B65FF}.Release|Any CPU.Build.0 = Release|Any CPU
	EndGlobalSection
	GlobalSection(SolutionProperties) = preSolution
		HideSolutionNode = FALSE
	EndGlobalSection
	GlobalSection(ExtensibilityGlobals) = postSolution
		SolutionGuid = {068E3807-8453-4807-8030-628381DDAEBD}
	EndGlobalSection
EndGlobal
